PODS:
  - Masonry (1.1.0)
  - ReactiveObjC (3.1.0)

DEPENDENCIES:
  - Masonry (~> 1.1.0)
  - ReactiveObjC (~> 3.1.0)

SPEC CHECKSUMS:
  Masonry: 678fab65091a9290e40e2832a55e7ab731aad201
  ReactiveObjC: 2a38ea15335de4119d8b17caf1db1484f61db902

PODFILE CHECKSUM: a147d12fe3a73d93f7485d4f97d25af4a387dd50

COCOAPODS: 1.4.0
